
Microsoft Visual Studio Solution File, Format Version 12.00
# Visual Studio Version 17
VisualStudioVersion = 17.11.35222.181
MinimumVisualStudioVersion = 10.0.40219.1
Project("{9092AA53-FB77-4645-B42D-1CCCA6BD08BD}") = "Reuti", "Reuti.njsproj", "{FC40382D-818E-4F0C-9136-7998FB8989D0}"
EndProject
Global
	GlobalSection(SolutionConfigurationPlatforms) = preSolution
		Debug|Any CPU = Debug|Any CPU
		Release|Any CPU = Release|Any CPU
	EndGlobalSection
	GlobalSection(ProjectConfigurationPlatforms) = postSolution
		{FC40382D-818E-4F0C-9136-7998FB8989D0}.Debug|Any CPU.ActiveCfg = Debug|Any CPU
		{FC40382D-818E-4F0C-9136-7998FB8989D0}.Debug|Any CPU.Build.0 = Debug|Any CPU
		{FC40382D-818E-4F0C-9136-7998FB8989D0}.Release|Any CPU.ActiveCfg = Release|Any CPU
		{FC40382D-818E-4F0C-9136-7998FB8989D0}.Release|Any CPU.Build.0 = Release|Any CPU
	EndGlobalSection
	GlobalSection(SolutionProperties) = preSolution
		HideSolutionNode = FALSE
	EndGlobalSection
	GlobalSection(ExtensibilityGlobals) = postSolution
		SolutionGuid = {DEA12BFE-2A97-4B56-8205-B89DDAB8E146}
	EndGlobalSection
EndGlobal
